
Microsoft Visual Studio Solution File, Format Version 12.00
# Visual Studio Version 17
VisualStudioVersion = 17.8.34601.278
MinimumVisualStudioVersion = 10.0.40219.1
Project("{2150E333-8FDC-42A3-9474-1A3956D46DE8}") = "src", "src", "{535178D3-CD1E-48CE-88A8-CF56099A6CE6}"
EndProject
Project("{2150E333-8FDC-42A3-9474-1A3956D46DE8}") = "product", "product", "{8A7AE965-9553-42C4-A408-521247F70CCB}"
EndProject
Project("{9A19103F-16F7-4668-BE54-9A1E7A4F7556}") = "Product.Api", "src\product\Product.Api\Product.Api.csproj", "{22BE0647-2235-404A-AB33-8DC0B5B1EEB9}"
EndProject
Project("{9A19103F-16F7-4668-BE54-9A1E7A4F7556}") = "Product.Services", "src\product\Product.Services\Product.Services.csproj", "{33672045-200F-4D90-B7ED-4BEC03614C3C}"
EndProject
Project("{9A19103F-16F7-4668-BE54-9A1E7A4F7556}") = "Product.Data", "src\product\Product.Data\Product.Data.csproj", "{52EDACC5-25D5-4E1C-B778-311632560E90}"
EndProject
Project("{2150E333-8FDC-42A3-9474-1A3956D46DE8}") = "customer", "customer", "{3D35F23B-1A23-4174-A277-21B941011453}"
EndProject
Project("{9A19103F-16F7-4668-BE54-9A1E7A4F7556}") = "Customer.Api", "src\customer\Customer.Api\Customer.Api.csproj", "{C2DC4139-BDA9-4ADE-AAA3-F1F0097E9703}"
EndProject
Project("{9A19103F-16F7-4668-BE54-9A1E7A4F7556}") = "Customer.Services", "src\customer\Customer.Services\Customer.Services.csproj", "{20665A47-7A0C-45F2-933B-93F82FCAE03D}"
EndProject
Project("{2150E333-8FDC-42A3-9474-1A3956D46DE8}") = "order", "order", "{69C9D2B8-EA0A-452A-91F4-ABD950C24151}"
EndProject
Project("{9A19103F-16F7-4668-BE54-9A1E7A4F7556}") = "Orders.Api", "src\order\Orders.Api\Orders.Api.csproj", "{5D95FB2F-F682-44B7-AF0F-AC2DEAA258C8}"
EndProject
Project("{9A19103F-16F7-4668-BE54-9A1E7A4F7556}") = "Customer.Data", "src\customer\Customer.Data\Customer.Data.csproj", "{596402F1-3B4C-446B-B776-098EF6D9DCA3}"
EndProject
Project("{9A19103F-16F7-4668-BE54-9A1E7A4F7556}") = "Orders.Data", "src\order\Orders.Data\Orders.Data\Orders.Data.csproj", "{CA2B954B-F8DF-49BD-A79E-E0A92CFB9F53}"
EndProject
Project("{9A19103F-16F7-4668-BE54-9A1E7A4F7556}") = "Orders.Service", "src\order\Orders.Service\Orders.Service.csproj", "{32936D21-B1B4-4388-8056-86BAF350077D}"
EndProject
Global
	GlobalSection(SolutionConfigurationPlatforms) = preSolution
		Debug|Any CPU = Debug|Any CPU
		Debug|x64 = Debug|x64
		Debug|x86 = Debug|x86
		Release|Any CPU = Release|Any CPU
		Release|x64 = Release|x64
		Release|x86 = Release|x86
	EndGlobalSection
	GlobalSection(ProjectConfigurationPlatforms) = postSolution
		{22BE0647-2235-404A-AB33-8DC0B5B1EEB9}.Debug|Any CPU.ActiveCfg = Debug|Any CPU
		{22BE0647-2235-404A-AB33-8DC0B5B1EEB9}.Debug|Any CPU.Build.0 = Debug|Any CPU
		{22BE0647-2235-404A-AB33-8DC0B5B1EEB9}.Debug|x64.ActiveCfg = Debug|Any CPU
		{22BE0647-2235-404A-AB33-8DC0B5B1EEB9}.Debug|x64.Build.0 = Debug|Any CPU
		{22BE0647-2235-404A-AB33-8DC0B5B1EEB9}.Debug|x86.ActiveCfg = Debug|Any CPU
		{22BE0647-2235-404A-AB33-8DC0B5B1EEB9}.Debug|x86.Build.0 = Debug|Any CPU
		{22BE0647-2235-404A-AB33-8DC0B5B1EEB9}.Release|Any CPU.ActiveCfg = Release|Any CPU
		{22BE0647-2235-404A-AB33-8DC0B5B1EEB9}.Release|Any CPU.Build.0 = Release|Any CPU
		{22BE0647-2235-404A-AB33-8DC0B5B1EEB9}.Release|x64.ActiveCfg = Release|Any CPU
		{22BE0647-2235-404A-AB33-8DC0B5B1EEB9}.Release|x64.Build.0 = Release|Any CPU
		{22BE0647-2235-404A-AB33-8DC0B5B1EEB9}.Release|x86.ActiveCfg = Release|Any CPU
		{22BE0647-2235-404A-AB33-8DC0B5B1EEB9}.Release|x86.Build.0 = Release|Any CPU
		{33672045-200F-4D90-B7ED-4BEC03614C3C}.Debug|Any CPU.ActiveCfg = Debug|Any CPU
		{33672045-200F-4D90-B7ED-4BEC03614C3C}.Debug|Any CPU.Build.0 = Debug|Any CPU
		{33672045-200F-4D90-B7ED-4BEC03614C3C}.Debug|x64.ActiveCfg = Debug|Any CPU
		{33672045-200F-4D90-B7ED-4BEC03614C3C}.Debug|x64.Build.0 = Debug|Any CPU
		{33672045-200F-4D90-B7ED-4BEC03614C3C}.Debug|x86.ActiveCfg = Debug|Any CPU
		{33672045-200F-4D90-B7ED-4BEC03614C3C}.Debug|x86.Build.0 = Debug|Any CPU
		{33672045-200F-4D90-B7ED-4BEC03614C3C}.Release|Any CPU.ActiveCfg = Release|Any CPU
		{33672045-200F-4D90-B7ED-4BEC03614C3C}.Release|Any CPU.Build.0 = Release|Any CPU
		{33672045-200F-4D90-B7ED-4BEC03614C3C}.Release|x64.ActiveCfg = Release|Any CPU
		{33672045-200F-4D90-B7ED-4BEC03614C3C}.Release|x64.Build.0 = Release|Any CPU
		{33672045-200F-4D90-B7ED-4BEC03614C3C}.Release|x86.ActiveCfg = Release|Any CPU
		{33672045-200F-4D90-B7ED-4BEC03614C3C}.Release|x86.Build.0 = Release|Any CPU
		{52EDACC5-25D5-4E1C-B778-311632560E90}.Debug|Any CPU.ActiveCfg = Debug|Any CPU
		{52EDACC5-25D5-4E1C-B778-311632560E90}.Debug|Any CPU.Build.0 = Debug|Any CPU
		{52EDACC5-25D5-4E1C-B778-311632560E90}.Debug|x64.ActiveCfg = Debug|Any CPU
		{52EDACC5-25D5-4E1C-B778-311632560E90}.Debug|x64.Build.0 = Debug|Any CPU
		{52EDACC5-25D5-4E1C-B778-311632560E90}.Debug|x86.ActiveCfg = Debug|Any CPU
		{52EDACC5-25D5-4E1C-B778-311632560E90}.Debug|x86.Build.0 = Debug|Any CPU
		{52EDACC5-25D5-4E1C-B778-311632560E90}.Release|Any CPU.ActiveCfg = Release|Any CPU
		{52EDACC5-25D5-4E1C-B778-311632560E90}.Release|Any CPU.Build.0 = Release|Any CPU
		{52EDACC5-25D5-4E1C-B778-311632560E90}.Release|x64.ActiveCfg = Release|Any CPU
		{52EDACC5-25D5-4E1C-B778-311632560E90}.Release|x64.Build.0 = Release|Any CPU
		{52EDACC5-25D5-4E1C-B778-311632560E90}.Release|x86.ActiveCfg = Release|Any CPU
		{52EDACC5-25D5-4E1C-B778-311632560E90}.Release|x86.Build.0 = Release|Any CPU
		{C2DC4139-BDA9-4ADE-AAA3-F1F0097E9703}.Debug|Any CPU.ActiveCfg = Debug|Any CPU
		{C2DC4139-BDA9-4ADE-AAA3-F1F0097E9703}.Debug|Any CPU.Build.0 = Debug|Any CPU
		{C2DC4139-BDA9-4ADE-AAA3-F1F0097E9703}.Debug|x64.ActiveCfg = Debug|Any CPU
		{C2DC4139-BDA9-4ADE-AAA3-F1F0097E9703}.Debug|x64.Build.0 = Debug|Any CPU
		{C2DC4139-BDA9-4ADE-AAA3-F1F0097E9703}.Debug|x86.ActiveCfg = Debug|Any CPU
		{C2DC4139-BDA9-4ADE-AAA3-F1F0097E9703}.Debug|x86.Build.0 = Debug|Any CPU
		{C2DC4139-BDA9-4ADE-AAA3-F1F0097E9703}.Release|Any CPU.ActiveCfg = Release|Any CPU
		{C2DC4139-BDA9-4ADE-AAA3-F1F0097E9703}.Release|Any CPU.Build.0 = Release|Any CPU
		{C2DC4139-BDA9-4ADE-AAA3-F1F0097E9703}.Release|x64.ActiveCfg = Release|Any CPU
		{C2DC4139-BDA9-4ADE-AAA3-F1F0097E9703}.Release|x64.Build.0 = Release|Any CPU
		{C2DC4139-BDA9-4ADE-AAA3-F1F0097E9703}.Release|x86.ActiveCfg = Release|Any CPU
		{C2DC4139-BDA9-4ADE-AAA3-F1F0097E9703}.Release|x86.Build.0 = Release|Any CPU
		{20665A47-7A0C-45F2-933B-93F82FCAE03D}.Debug|Any CPU.ActiveCfg = Debug|Any CPU
		{20665A47-7A0C-45F2-933B-93F82FCAE03D}.Debug|Any CPU.Build.0 = Debug|Any CPU
		{20665A47-7A0C-45F2-933B-93F82FCAE03D}.Debug|x64.ActiveCfg = Debug|Any CPU
		{20665A47-7A0C-45F2-933B-93F82FCAE03D}.Debug|x64.Build.0 = Debug|Any CPU
		{20665A47-7A0C-45F2-933B-93F82FCAE03D}.Debug|x86.ActiveCfg = Debug|Any CPU
		{20665A47-7A0C-45F2-933B-93F82FCAE03D}.Debug|x86.Build.0 = Debug|Any CPU
		{20665A47-7A0C-45F2-933B-93F82FCAE03D}.Release|Any CPU.ActiveCfg = Release|Any CPU
		{20665A47-7A0C-45F2-933B-93F82FCAE03D}.Release|Any CPU.Build.0 = Release|Any CPU
		{20665A47-7A0C-45F2-933B-93F82FCAE03D}.Release|x64.ActiveCfg = Release|Any CPU
		{20665A47-7A0C-45F2-933B-93F82FCAE03D}.Release|x64.Build.0 = Release|Any CPU
		{20665A47-7A0C-45F2-933B-93F82FCAE03D}.Release|x86.ActiveCfg = Release|Any CPU
		{20665A47-7A0C-45F2-933B-93F82FCAE03D}.Release|x86.Build.0 = Release|Any CPU
		{5D95FB2F-F682-44B7-AF0F-AC2DEAA258C8}.Debug|Any CPU.ActiveCfg = Debug|Any CPU
		{5D95FB2F-F682-44B7-AF0F-AC2DEAA258C8}.Debug|Any CPU.Build.0 = Debug|Any CPU
		{5D95FB2F-F682-44B7-AF0F-AC2DEAA258C8}.Debug|x64.ActiveCfg = Debug|Any CPU
		{5D95FB2F-F682-44B7-AF0F-AC2DEAA258C8}.Debug|x64.Build.0 = Debug|Any CPU
		{5D95FB2F-F682-44B7-AF0F-AC2DEAA258C8}.Debug|x86.ActiveCfg = Debug|Any CPU
		{5D95FB2F-F682-44B7-AF0F-AC2DEAA258C8}.Debug|x86.Build.0 = Debug|Any CPU
		{5D95FB2F-F682-44B7-AF0F-AC2DEAA258C8}.Release|Any CPU.ActiveCfg = Release|Any CPU
		{5D95FB2F-F682-44B7-AF0F-AC2DEAA258C8}.Release|Any CPU.Build.0 = Release|Any CPU
		{5D95FB2F-F682-44B7-AF0F-AC2DEAA258C8}.Release|x64.ActiveCfg = Release|Any CPU
		{5D95FB2F-F682-44B7-AF0F-AC2DEAA258C8}.Release|x64.Build.0 = Release|Any CPU
		{5D95FB2F-F682-44B7-AF0F-AC2DEAA258C8}.Release|x86.ActiveCfg = Release|Any CPU
		{5D95FB2F-F682-44B7-AF0F-AC2DEAA258C8}.Release|x86.Build.0 = Release|Any CPU
		{596402F1-3B4C-446B-B776-098EF6D9DCA3}.Debug|Any CPU.ActiveCfg = Debug|Any CPU
		{596402F1-3B4C-446B-B776-098EF6D9DCA3}.Debug|Any CPU.Build.0 = Debug|Any CPU
		{596402F1-3B4C-446B-B776-098EF6D9DCA3}.Debug|x64.ActiveCfg = Debug|Any CPU
		{596402F1-3B4C-446B-B776-098EF6D9DCA3}.Debug|x64.Build.0 = Debug|Any CPU
		{596402F1-3B4C-446B-B776-098EF6D9DCA3}.Debug|x86.ActiveCfg = Debug|Any CPU
		{596402F1-3B4C-446B-B776-098EF6D9DCA3}.Debug|x86.Build.0 = Debug|Any CPU
		{596402F1-3B4C-446B-B776-098EF6D9DCA3}.Release|Any CPU.ActiveCfg = Release|Any CPU
		{596402F1-3B4C-446B-B776-098EF6D9DCA3}.Release|Any CPU.Build.0 = Release|Any CPU
		{596402F1-3B4C-446B-B776-098EF6D9DCA3}.Release|x64.ActiveCfg = Release|Any CPU
		{596402F1-3B4C-446B-B776-098EF6D9DCA3}.Release|x64.Build.0 = Release|Any CPU
		{596402F1-3B4C-446B-B776-098EF6D9DCA3}.Release|x86.ActiveCfg = Release|Any CPU
		{596402F1-3B4C-446B-B776-098EF6D9DCA3}.Release|x86.Build.0 = Release|Any CPU
		{CA2B954B-F8DF-49BD-A79E-E0A92CFB9F53}.Debug|Any CPU.ActiveCfg = Debug|Any CPU
		{CA2B954B-F8DF-49BD-A79E-E0A92CFB9F53}.Debug|Any CPU.Build.0 = Debug|Any CPU
		{CA2B954B-F8DF-49BD-A79E-E0A92CFB9F53}.Debug|x64.ActiveCfg = Debug|Any CPU
		{CA2B954B-F8DF-49BD-A79E-E0A92CFB9F53}.Debug|x64.Build.0 = Debug|Any CPU
		{CA2B954B-F8DF-49BD-A79E-E0A92CFB9F53}.Debug|x86.ActiveCfg = Debug|Any CPU
		{CA2B954B-F8DF-49BD-A79E-E0A92CFB9F53}.Debug|x86.Build.0 = Debug|Any CPU
		{CA2B954B-F8DF-49BD-A79E-E0A92CFB9F53}.Release|Any CPU.ActiveCfg = Release|Any CPU
		{CA2B954B-F8DF-49BD-A79E-E0A92CFB9F53}.Release|Any CPU.Build.0 = Release|Any CPU
		{CA2B954B-F8DF-49BD-A79E-E0A92CFB9F53}.Release|x64.ActiveCfg = Release|Any CPU
		{CA2B954B-F8DF-49BD-A79E-E0A92CFB9F53}.Release|x64.Build.0 = Release|Any CPU
		{CA2B954B-F8DF-49BD-A79E-E0A92CFB9F53}.Release|x86.ActiveCfg = Release|Any CPU
		{CA2B954B-F8DF-49BD-A79E-E0A92CFB9F53}.Release|x86.Build.0 = Release|Any CPU
		{32936D21-B1B4-4388-8056-86BAF350077D}.Debug|Any CPU.ActiveCfg = Debug|Any CPU
		{32936D21-B1B4-4388-8056-86BAF350077D}.Debug|Any CPU.Build.0 = Debug|Any CPU
		{32936D21-B1B4-4388-8056-86BAF350077D}.Debug|x64.ActiveCfg = Debug|Any CPU
		{32936D21-B1B4-4388-8056-86BAF350077D}.Debug|x64.Build.0 = Debug|Any CPU
		{32936D21-B1B4-4388-8056-86BAF350077D}.Debug|x86.ActiveCfg = Debug|Any CPU
		{32936D21-B1B4-4388-8056-86BAF350077D}.Debug|x86.Build.0 = Debug|Any CPU
		{32936D21-B1B4-4388-8056-86BAF350077D}.Release|Any CPU.ActiveCfg = Release|Any CPU
		{32936D21-B1B4-4388-8056-86BAF350077D}.Release|Any CPU.Build.0 = Release|Any CPU
		{32936D21-B1B4-4388-8056-86BAF350077D}.Release|x64.ActiveCfg = Release|Any CPU
		{32936D21-B1B4-4388-8056-86BAF350077D}.Release|x64.Build.0 = Release|Any CPU
		{32936D21-B1B4-4388-8056-86BAF350077D}.Release|x86.ActiveCfg = Release|Any CPU
		{32936D21-B1B4-4388-8056-86BAF350077D}.Release|x86.Build.0 = Release|Any CPU
	EndGlobalSection
	GlobalSection(SolutionProperties) = preSolution
		HideSolutionNode = FALSE
	EndGlobalSection
	GlobalSection(NestedProjects) = preSolution
		{8A7AE965-9553-42C4-A408-521247F70CCB} = {535178D3-CD1E-48CE-88A8-CF56099A6CE6}
		{22BE0647-2235-404A-AB33-8DC0B5B1EEB9} = {8A7AE965-9553-42C4-A408-521247F70CCB}
		{33672045-200F-4D90-B7ED-4BEC03614C3C} = {8A7AE965-9553-42C4-A408-521247F70CCB}
		{52EDACC5-25D5-4E1C-B778-311632560E90} = {8A7AE965-9553-42C4-A408-521247F70CCB}
		{3D35F23B-1A23-4174-A277-21B941011453} = {535178D3-CD1E-48CE-88A8-CF56099A6CE6}
		{C2DC4139-BDA9-4ADE-AAA3-F1F0097E9703} = {3D35F23B-1A23-4174-A277-21B941011453}
		{20665A47-7A0C-45F2-933B-93F82FCAE03D} = {3D35F23B-1A23-4174-A277-21B941011453}
		{69C9D2B8-EA0A-452A-91F4-ABD950C24151} = {535178D3-CD1E-48CE-88A8-CF56099A6CE6}
		{5D95FB2F-F682-44B7-AF0F-AC2DEAA258C8} = {69C9D2B8-EA0A-452A-91F4-ABD950C24151}
		{596402F1-3B4C-446B-B776-098EF6D9DCA3} = {3D35F23B-1A23-4174-A277-21B941011453}
		{CA2B954B-F8DF-49BD-A79E-E0A92CFB9F53} = {69C9D2B8-EA0A-452A-91F4-ABD950C24151}
		{32936D21-B1B4-4388-8056-86BAF350077D} = {69C9D2B8-EA0A-452A-91F4-ABD950C24151}
	EndGlobalSection
	GlobalSection(ExtensibilityGlobals) = postSolution
		SolutionGuid = {364D1215-0D0A-4519-926D-A18E670D1892}
	EndGlobalSection
EndGlobal
