
Microsoft Visual Studio Solution File, Format Version 12.00
# Visual Studio Version 17
VisualStudioVersion = 17.8.34601.278
MinimumVisualStudioVersion = 10.0.40219.1
Project("{2150E333-8FDC-42A3-9474-1A3956D46DE8}") = "src", "src", "{535178D3-CD1E-48CE-88A8-CF56099A6CE6}"
EndProject
Project("{2150E333-8FDC-42A3-9474-1A3956D46DE8}") = "product", "product", "{8A7AE965-9553-42C4-A408-521247F70CCB}"
EndProject
Project("{9A19103F-16F7-4668-BE54-9A1E7A4F7556}") = "Product.Api", "src\product\Product.Api\Product.Api.csproj", "{22BE0647-2235-404A-AB33-8DC0B5B1EEB9}"
EndProject
Project("{9A19103F-16F7-4668-BE54-9A1E7A4F7556}") = "Product.Services", "src\product\Product.Services\Product.Services.csproj", "{33672045-200F-4D90-B7ED-4BEC03614C3C}"
EndProject
Project("{9A19103F-16F7-4668-BE54-9A1E7A4F7556}") = "Product.Data", "src\product\Product.Data\Product.Data.csproj", "{52EDACC5-25D5-4E1C-B778-311632560E90}"
EndProject
Project("{2150E333-8FDC-42A3-9474-1A3956D46DE8}") = "customer", "customer", "{3D35F23B-1A23-4174-A277-21B941011453}"
EndProject
Project("{9A19103F-16F7-4668-BE54-9A1E7A4F7556}") = "Customer.Api", "src\customer\Customer.Api\Customer.Api.csproj", "{C2DC4139-BDA9-4ADE-AAA3-F1F0097E9703}"
EndProject
Project("{FAE04EC0-301F-11D3-BF4B-00C04F79EFBC}") = "Customer.Data", "src\customer\Customer.Data\Customer.Data.csproj", "{818C829A-AE79-487E-A917-6F0DAAE066E0}"
EndProject
Global
	GlobalSection(SolutionConfigurationPlatforms) = preSolution
		Debug|Any CPU = Debug|Any CPU
		Debug|x64 = Debug|x64
		Debug|x86 = Debug|x86
		Release|Any CPU = Release|Any CPU
		Release|x64 = Release|x64
		Release|x86 = Release|x86
	EndGlobalSection
	GlobalSection(ProjectConfigurationPlatforms) = postSolution
		{22BE0647-2235-404A-AB33-8DC0B5B1EEB9}.Debug|Any CPU.ActiveCfg = Debug|Any CPU
		{22BE0647-2235-404A-AB33-8DC0B5B1EEB9}.Debug|Any CPU.Build.0 = Debug|Any CPU
		{22BE0647-2235-404A-AB33-8DC0B5B1EEB9}.Debug|x64.ActiveCfg = Debug|Any CPU
		{22BE0647-2235-404A-AB33-8DC0B5B1EEB9}.Debug|x64.Build.0 = Debug|Any CPU
		{22BE0647-2235-404A-AB33-8DC0B5B1EEB9}.Debug|x86.ActiveCfg = Debug|Any CPU
		{22BE0647-2235-404A-AB33-8DC0B5B1EEB9}.Debug|x86.Build.0 = Debug|Any CPU
		{22BE0647-2235-404A-AB33-8DC0B5B1EEB9}.Release|Any CPU.ActiveCfg = Release|Any CPU
		{22BE0647-2235-404A-AB33-8DC0B5B1EEB9}.Release|Any CPU.Build.0 = Release|Any CPU
		{22BE0647-2235-404A-AB33-8DC0B5B1EEB9}.Release|x64.ActiveCfg = Release|Any CPU
		{22BE0647-2235-404A-AB33-8DC0B5B1EEB9}.Release|x64.Build.0 = Release|Any CPU
		{22BE0647-2235-404A-AB33-8DC0B5B1EEB9}.Release|x86.ActiveCfg = Release|Any CPU
		{22BE0647-2235-404A-AB33-8DC0B5B1EEB9}.Release|x86.Build.0 = Release|Any CPU
		{33672045-200F-4D90-B7ED-4BEC03614C3C}.Debug|Any CPU.ActiveCfg = Debug|Any CPU
		{33672045-200F-4D90-B7ED-4BEC03614C3C}.Debug|Any CPU.Build.0 = Debug|Any CPU
		{33672045-200F-4D90-B7ED-4BEC03614C3C}.Debug|x64.ActiveCfg = Debug|Any CPU
		{33672045-200F-4D90-B7ED-4BEC03614C3C}.Debug|x64.Build.0 = Debug|Any CPU
		{33672045-200F-4D90-B7ED-4BEC03614C3C}.Debug|x86.ActiveCfg = Debug|Any CPU
		{33672045-200F-4D90-B7ED-4BEC03614C3C}.Debug|x86.Build.0 = Debug|Any CPU
		{33672045-200F-4D90-B7ED-4BEC03614C3C}.Release|Any CPU.ActiveCfg = Release|Any CPU
		{33672045-200F-4D90-B7ED-4BEC03614C3C}.Release|Any CPU.Build.0 = Release|Any CPU
		{33672045-200F-4D90-B7ED-4BEC03614C3C}.Release|x64.ActiveCfg = Release|Any CPU
		{33672045-200F-4D90-B7ED-4BEC03614C3C}.Release|x64.Build.0 = Release|Any CPU
		{33672045-200F-4D90-B7ED-4BEC03614C3C}.Release|x86.ActiveCfg = Release|Any CPU
		{33672045-200F-4D90-B7ED-4BEC03614C3C}.Release|x86.Build.0 = Release|Any CPU
		{52EDACC5-25D5-4E1C-B778-311632560E90}.Debug|Any CPU.ActiveCfg = Debug|Any CPU
		{52EDACC5-25D5-4E1C-B778-311632560E90}.Debug|Any CPU.Build.0 = Debug|Any CPU
		{52EDACC5-25D5-4E1C-B778-311632560E90}.Debug|x64.ActiveCfg = Debug|Any CPU
		{52EDACC5-25D5-4E1C-B778-311632560E90}.Debug|x64.Build.0 = Debug|Any CPU
		{52EDACC5-25D5-4E1C-B778-311632560E90}.Debug|x86.ActiveCfg = Debug|Any CPU
		{52EDACC5-25D5-4E1C-B778-311632560E90}.Debug|x86.Build.0 = Debug|Any CPU
		{52EDACC5-25D5-4E1C-B778-311632560E90}.Release|Any CPU.ActiveCfg = Release|Any CPU
		{52EDACC5-25D5-4E1C-B778-311632560E90}.Release|Any CPU.Build.0 = Release|Any CPU
		{52EDACC5-25D5-4E1C-B778-311632560E90}.Release|x64.ActiveCfg = Release|Any CPU
		{52EDACC5-25D5-4E1C-B778-311632560E90}.Release|x64.Build.0 = Release|Any CPU
		{52EDACC5-25D5-4E1C-B778-311632560E90}.Release|x86.ActiveCfg = Release|Any CPU
		{52EDACC5-25D5-4E1C-B778-311632560E90}.Release|x86.Build.0 = Release|Any CPU
		{C2DC4139-BDA9-4ADE-AAA3-F1F0097E9703}.Debug|Any CPU.ActiveCfg = Debug|Any CPU
		{C2DC4139-BDA9-4ADE-AAA3-F1F0097E9703}.Debug|Any CPU.Build.0 = Debug|Any CPU
		{C2DC4139-BDA9-4ADE-AAA3-F1F0097E9703}.Debug|x64.ActiveCfg = Debug|Any CPU
		{C2DC4139-BDA9-4ADE-AAA3-F1F0097E9703}.Debug|x64.Build.0 = Debug|Any CPU
		{C2DC4139-BDA9-4ADE-AAA3-F1F0097E9703}.Debug|x86.ActiveCfg = Debug|Any CPU
		{C2DC4139-BDA9-4ADE-AAA3-F1F0097E9703}.Debug|x86.Build.0 = Debug|Any CPU
		{C2DC4139-BDA9-4ADE-AAA3-F1F0097E9703}.Release|Any CPU.ActiveCfg = Release|Any CPU
		{C2DC4139-BDA9-4ADE-AAA3-F1F0097E9703}.Release|Any CPU.Build.0 = Release|Any CPU
		{C2DC4139-BDA9-4ADE-AAA3-F1F0097E9703}.Release|x64.ActiveCfg = Release|Any CPU
		{C2DC4139-BDA9-4ADE-AAA3-F1F0097E9703}.Release|x64.Build.0 = Release|Any CPU
		{C2DC4139-BDA9-4ADE-AAA3-F1F0097E9703}.Release|x86.ActiveCfg = Release|Any CPU
		{C2DC4139-BDA9-4ADE-AAA3-F1F0097E9703}.Release|x86.Build.0 = Release|Any CPU
		{818C829A-AE79-487E-A917-6F0DAAE066E0}.Debug|Any CPU.ActiveCfg = Debug|Any CPU
		{818C829A-AE79-487E-A917-6F0DAAE066E0}.Debug|Any CPU.Build.0 = Debug|Any CPU
		{818C829A-AE79-487E-A917-6F0DAAE066E0}.Debug|x64.ActiveCfg = Debug|Any CPU
		{818C829A-AE79-487E-A917-6F0DAAE066E0}.Debug|x64.Build.0 = Debug|Any CPU
		{818C829A-AE79-487E-A917-6F0DAAE066E0}.Debug|x86.ActiveCfg = Debug|Any CPU
		{818C829A-AE79-487E-A917-6F0DAAE066E0}.Debug|x86.Build.0 = Debug|Any CPU
		{818C829A-AE79-487E-A917-6F0DAAE066E0}.Release|Any CPU.ActiveCfg = Release|Any CPU
		{818C829A-AE79-487E-A917-6F0DAAE066E0}.Release|Any CPU.Build.0 = Release|Any CPU
		{818C829A-AE79-487E-A917-6F0DAAE066E0}.Release|x64.ActiveCfg = Release|Any CPU
		{818C829A-AE79-487E-A917-6F0DAAE066E0}.Release|x64.Build.0 = Release|Any CPU
		{818C829A-AE79-487E-A917-6F0DAAE066E0}.Release|x86.ActiveCfg = Release|Any CPU
		{818C829A-AE79-487E-A917-6F0DAAE066E0}.Release|x86.Build.0 = Release|Any CPU
	EndGlobalSection
	GlobalSection(SolutionProperties) = preSolution
		HideSolutionNode = FALSE
	EndGlobalSection
	GlobalSection(NestedProjects) = preSolution
		{8A7AE965-9553-42C4-A408-521247F70CCB} = {535178D3-CD1E-48CE-88A8-CF56099A6CE6}
		{22BE0647-2235-404A-AB33-8DC0B5B1EEB9} = {8A7AE965-9553-42C4-A408-521247F70CCB}
		{33672045-200F-4D90-B7ED-4BEC03614C3C} = {8A7AE965-9553-42C4-A408-521247F70CCB}
		{52EDACC5-25D5-4E1C-B778-311632560E90} = {8A7AE965-9553-42C4-A408-521247F70CCB}
		{3D35F23B-1A23-4174-A277-21B941011453} = {535178D3-CD1E-48CE-88A8-CF56099A6CE6}
		{C2DC4139-BDA9-4ADE-AAA3-F1F0097E9703} = {3D35F23B-1A23-4174-A277-21B941011453}
		{818C829A-AE79-487E-A917-6F0DAAE066E0} = {3D35F23B-1A23-4174-A277-21B941011453}
	EndGlobalSection
	GlobalSection(ExtensibilityGlobals) = postSolution
		SolutionGuid = {364D1215-0D0A-4519-926D-A18E670D1892}
	EndGlobalSection
EndGlobal
